{
	"name": "pijs",
	"version": "2.0.0-alpha.1",
	"lockfileVersion": 3,
	"requires": true,
	"packages": {
		"": {
			"name": "pijs",
			"version": "2.0.0-alpha.1",
			"license": "Apache-2.0",
			"devDependencies": {
				"@iarna/toml": "^2.2.3",
				"@playwright/test": "^1.56.0",
				"esbuild": "^0.25.10",
				"pngjs": "^7.0.0"
			},
			"engines": {
				"node": ">=18.0.0"
			}
		},
		"node_modules/@esbuild/win32-x64": {
			"version": "0.25.10",
			"resolved": "https://registry.npmjs.org/@esbuild/win32-x64/-/win32-x64-0.25.10.tgz",
			"integrity": "sha512-9KpxSVFCu0iK1owoez6aC/s/EdUQLDN3adTxGCqxMVhrPDj6bt5dbrHDXUuq+Bs2vATFBBrQS5vdQ/Ed2P+nbw==",
			"cpu": [
				"x64"
			],
			"dev": true,
			"license": "MIT",
			"optional": true,
			"os": [
				"win32"
			],
			"engines": {
				"node": ">=18"
			}
		},
		"node_modules/@iarna/toml": {
			"version": "2.2.3",
			"resolved": "https://registry.npmjs.org/@iarna/toml/-/toml-2.2.3.tgz",
			"integrity": "sha512-FmuxfCuolpLl0AnQ2NHSzoUKWEJDFl63qXjzdoWBVyFCXzMGm1spBzk7LeHNoVCiWCF7mRVms9e6jEV9+MoPbg==",
			"dev": true
		},
		"node_modules/@playwright/test": {
			"version": "1.56.0",
			"resolved": "https://registry.npmjs.org/@playwright/test/-/test-1.56.0.tgz",
			"integrity": "sha512-Tzh95Twig7hUwwNe381/K3PggZBZblKUe2wv25oIpzWLr6Z0m4KgV1ZVIjnR6GM9ANEqjZD7XsZEa6JL/7YEgg==",
			"dev": true,
			"license": "Apache-2.0",
			"dependencies": {
				"playwright": "1.56.0"
			},
			"bin": {
				"playwright": "cli.js"
			},
			"engines": {
				"node": ">=18"
			}
		},
		"node_modules/esbuild": {
			"version": "0.25.10",
			"resolved": "https://registry.npmjs.org/esbuild/-/esbuild-0.25.10.tgz",
			"integrity": "sha512-9RiGKvCwaqxO2owP61uQ4BgNborAQskMR6QusfWzQqv7AZOg5oGehdY2pRJMTKuwxd1IDBP4rSbI5lHzU7SMsQ==",
			"dev": true,
			"hasInstallScript": true,
			"license": "MIT",
			"bin": {
				"esbuild": "bin/esbuild"
			},
			"engines": {
				"node": ">=18"
			},
			"optionalDependencies": {
				"@esbuild/aix-ppc64": "0.25.10",
				"@esbuild/android-arm": "0.25.10",
				"@esbuild/android-arm64": "0.25.10",
				"@esbuild/android-x64": "0.25.10",
				"@esbuild/darwin-arm64": "0.25.10",
				"@esbuild/darwin-x64": "0.25.10",
				"@esbuild/freebsd-arm64": "0.25.10",
				"@esbuild/freebsd-x64": "0.25.10",
				"@esbuild/linux-arm": "0.25.10",
				"@esbuild/linux-arm64": "0.25.10",
				"@esbuild/linux-ia32": "0.25.10",
				"@esbuild/linux-loong64": "0.25.10",
				"@esbuild/linux-mips64el": "0.25.10",
				"@esbuild/linux-ppc64": "0.25.10",
				"@esbuild/linux-riscv64": "0.25.10",
				"@esbuild/linux-s390x": "0.25.10",
				"@esbuild/linux-x64": "0.25.10",
				"@esbuild/netbsd-arm64": "0.25.10",
				"@esbuild/netbsd-x64": "0.25.10",
				"@esbuild/openbsd-arm64": "0.25.10",
				"@esbuild/openbsd-x64": "0.25.10",
				"@esbuild/openharmony-arm64": "0.25.10",
				"@esbuild/sunos-x64": "0.25.10",
				"@esbuild/win32-arm64": "0.25.10",
				"@esbuild/win32-ia32": "0.25.10",
				"@esbuild/win32-x64": "0.25.10"
			}
		},
		"node_modules/playwright": {
			"version": "1.56.0",
			"resolved": "https://registry.npmjs.org/playwright/-/playwright-1.56.0.tgz",
			"integrity": "sha512-X5Q1b8lOdWIE4KAoHpW3SE8HvUB+ZZsUoN64ZhjnN8dOb1UpujxBtENGiZFE+9F/yhzJwYa+ca3u43FeLbboHA==",
			"dev": true,
			"license": "Apache-2.0",
			"dependencies": {
				"playwright-core": "1.56.0"
			},
			"bin": {
				"playwright": "cli.js"
			},
			"engines": {
				"node": ">=18"
			},
			"optionalDependencies": {
				"fsevents": "2.3.2"
			}
		},
		"node_modules/playwright-core": {
			"version": "1.56.0",
			"resolved": "https://registry.npmjs.org/playwright-core/-/playwright-core-1.56.0.tgz",
			"integrity": "sha512-1SXl7pMfemAMSDn5rkPeZljxOCYAmQnYLBTExuh6E8USHXGSX3dx6lYZN/xPpTz1vimXmPA9CDnILvmJaB8aSQ==",
			"dev": true,
			"license": "Apache-2.0",
			"bin": {
				"playwright-core": "cli.js"
			},
			"engines": {
				"node": ">=18"
			}
		},
		"node_modules/pngjs": {
			"version": "7.0.0",
			"resolved": "https://registry.npmjs.org/pngjs/-/pngjs-7.0.0.tgz",
			"integrity": "sha512-LKWqWJRhstyYo9pGvgor/ivk2w94eSjE3RGVuzLGlr3NmD8bf7RcYGze1mNdEHRP6TRP6rMuDHk5t44hnTRyow==",
			"dev": true,
			"license": "MIT",
			"engines": {
				"node": ">=14.19.0"
			}
		}
	}
}
